
Microsoft Visual Studio Solution File, Format Version 12.00
# Visual Studio 15
VisualStudioVersion = 15.0.27703.2035
MinimumVisualStudioVersion = 10.0.40219.1
Project("{FAE04EC0-301F-11D3-BF4B-00C04F79EFBC}") = "MediatrExercise", "MediatrExercise\MediatrExercise.csproj", "{A3FFB559-12E0-4698-A7E2-9157D061DB20}"
EndProject
Global
	GlobalSection(SolutionConfigurationPlatforms) = preSolution
		Debug|Any CPU = Debug|Any CPU
		Release|Any CPU = Release|Any CPU
	EndGlobalSection
	GlobalSection(ProjectConfigurationPlatforms) = postSolution
		{A3FFB559-12E0-4698-A7E2-9157D061DB20}.Debug|Any CPU.ActiveCfg = Debug|Any CPU
		{A3FFB559-12E0-4698-A7E2-9157D061DB20}.Debug|Any CPU.Build.0 = Debug|Any CPU
		{A3FFB559-12E0-4698-A7E2-9157D061DB20}.Release|Any CPU.ActiveCfg = Release|Any CPU
		{A3FFB559-12E0-4698-A7E2-9157D061DB20}.Release|Any CPU.Build.0 = Release|Any CPU
	EndGlobalSection
	GlobalSection(SolutionProperties) = preSolution
		HideSolutionNode = FALSE
	EndGlobalSection
	GlobalSection(ExtensibilityGlobals) = postSolution
		SolutionGuid = {0F8A7425-A94C-4083-9797-4FB4F10D4C4F}
	EndGlobalSection
EndGlobal
